
Microsoft Visual Studio Solution File, Format Version 12.00
# Visual Studio Version 16
VisualStudioVersion = 16.0.29209.62
MinimumVisualStudioVersion = 15.0.26124.0
Project("{9A19103F-16F7-4668-BE54-9A1E7A4F7556}") = "Muflone", "Muflone\Muflone.csproj", "{462757CF-F0B6-4D96-AAC6-AF6FD08A6FF2}"
EndProject
Project("{9A19103F-16F7-4668-BE54-9A1E7A4F7556}") = "Muflone.Tests", "Muflone.Tests\Muflone.Tests.csproj", "{D6C4C4BF-64D0-43D7-AE0E-A148A0E820F2}"
EndProject
Project("{9A19103F-16F7-4668-BE54-9A1E7A4F7556}") = "Muflone.Persistence.Test", "Muflone.Persistence.Test\Muflone.Persistence.Test.csproj", "{46D8A2A5-8D37-43E1-9B03-C3F70C7B9952}"
EndProject
Global
	GlobalSection(SolutionConfigurationPlatforms) = preSolution
		Debug|Any CPU = Debug|Any CPU
		Debug|x64 = Debug|x64
		Debug|x86 = Debug|x86
		Release|Any CPU = Release|Any CPU
		Release|x64 = Release|x64
		Release|x86 = Release|x86
	EndGlobalSection
	GlobalSection(ProjectConfigurationPlatforms) = postSolution
		{462757CF-F0B6-4D96-AAC6-AF6FD08A6FF2}.Debug|Any CPU.ActiveCfg = Debug|Any CPU
		{462757CF-F0B6-4D96-AAC6-AF6FD08A6FF2}.Debug|Any CPU.Build.0 = Debug|Any CPU
		{462757CF-F0B6-4D96-AAC6-AF6FD08A6FF2}.Debug|x64.ActiveCfg = Debug|Any CPU
		{462757CF-F0B6-4D96-AAC6-AF6FD08A6FF2}.Debug|x64.Build.0 = Debug|Any CPU
		{462757CF-F0B6-4D96-AAC6-AF6FD08A6FF2}.Debug|x86.ActiveCfg = Debug|Any CPU
		{462757CF-F0B6-4D96-AAC6-AF6FD08A6FF2}.Debug|x86.Build.0 = Debug|Any CPU
		{462757CF-F0B6-4D96-AAC6-AF6FD08A6FF2}.Release|Any CPU.ActiveCfg = Release|Any CPU
		{462757CF-F0B6-4D96-AAC6-AF6FD08A6FF2}.Release|Any CPU.Build.0 = Release|Any CPU
		{462757CF-F0B6-4D96-AAC6-AF6FD08A6FF2}.Release|x64.ActiveCfg = Release|Any CPU
		{462757CF-F0B6-4D96-AAC6-AF6FD08A6FF2}.Release|x64.Build.0 = Release|Any CPU
		{462757CF-F0B6-4D96-AAC6-AF6FD08A6FF2}.Release|x86.ActiveCfg = Release|Any CPU
		{462757CF-F0B6-4D96-AAC6-AF6FD08A6FF2}.Release|x86.Build.0 = Release|Any CPU
		{D6C4C4BF-64D0-43D7-AE0E-A148A0E820F2}.Debug|Any CPU.ActiveCfg = Debug|Any CPU
		{D6C4C4BF-64D0-43D7-AE0E-A148A0E820F2}.Debug|Any CPU.Build.0 = Debug|Any CPU
		{D6C4C4BF-64D0-43D7-AE0E-A148A0E820F2}.Debug|x64.ActiveCfg = Debug|Any CPU
		{D6C4C4BF-64D0-43D7-AE0E-A148A0E820F2}.Debug|x64.Build.0 = Debug|Any CPU
		{D6C4C4BF-64D0-43D7-AE0E-A148A0E820F2}.Debug|x86.ActiveCfg = Debug|Any CPU
		{D6C4C4BF-64D0-43D7-AE0E-A148A0E820F2}.Debug|x86.Build.0 = Debug|Any CPU
		{D6C4C4BF-64D0-43D7-AE0E-A148A0E820F2}.Release|Any CPU.ActiveCfg = Release|Any CPU
		{D6C4C4BF-64D0-43D7-AE0E-A148A0E820F2}.Release|Any CPU.Build.0 = Release|Any CPU
		{D6C4C4BF-64D0-43D7-AE0E-A148A0E820F2}.Release|x64.ActiveCfg = Release|Any CPU
		{D6C4C4BF-64D0-43D7-AE0E-A148A0E820F2}.Release|x64.Build.0 = Release|Any CPU
		{D6C4C4BF-64D0-43D7-AE0E-A148A0E820F2}.Release|x86.ActiveCfg = Release|Any CPU
		{D6C4C4BF-64D0-43D7-AE0E-A148A0E820F2}.Release|x86.Build.0 = Release|Any CPU
		{46D8A2A5-8D37-43E1-9B03-C3F70C7B9952}.Debug|Any CPU.ActiveCfg = Debug|Any CPU
		{46D8A2A5-8D37-43E1-9B03-C3F70C7B9952}.Debug|Any CPU.Build.0 = Debug|Any CPU
		{46D8A2A5-8D37-43E1-9B03-C3F70C7B9952}.Debug|x64.ActiveCfg = Debug|Any CPU
		{46D8A2A5-8D37-43E1-9B03-C3F70C7B9952}.Debug|x64.Build.0 = Debug|Any CPU
		{46D8A2A5-8D37-43E1-9B03-C3F70C7B9952}.Debug|x86.ActiveCfg = Debug|Any CPU
		{46D8A2A5-8D37-43E1-9B03-C3F70C7B9952}.Debug|x86.Build.0 = Debug|Any CPU
		{46D8A2A5-8D37-43E1-9B03-C3F70C7B9952}.Release|Any CPU.ActiveCfg = Release|Any CPU
		{46D8A2A5-8D37-43E1-9B03-C3F70C7B9952}.Release|Any CPU.Build.0 = Release|Any CPU
		{46D8A2A5-8D37-43E1-9B03-C3F70C7B9952}.Release|x64.ActiveCfg = Release|Any CPU
		{46D8A2A5-8D37-43E1-9B03-C3F70C7B9952}.Release|x64.Build.0 = Release|Any CPU
		{46D8A2A5-8D37-43E1-9B03-C3F70C7B9952}.Release|x86.ActiveCfg = Release|Any CPU
		{46D8A2A5-8D37-43E1-9B03-C3F70C7B9952}.Release|x86.Build.0 = Release|Any CPU
	EndGlobalSection
	GlobalSection(SolutionProperties) = preSolution
		HideSolutionNode = FALSE
	EndGlobalSection
	GlobalSection(ExtensibilityGlobals) = postSolution
		SolutionGuid = {AD1AD181-E78B-47A5-B631-6E12ECCB4A9F}
	EndGlobalSection
EndGlobal
